// !$*UTF8*$!
{
	archiveVersion = 1;
	classes = {
	};
	objectVersion = 50;
	objects = {

/* Begin PBXBuildFile section */
		491CB0C2249A81B5005F2521 /* ConstantsTemplate.swift in Sources */ = {isa = PBXBuildFile; fileRef = 491CB0C1249A81B5005F2521 /* ConstantsTemplate.swift */; };
		4979A45A248C13C10088ECC7 /* AppDelegate.swift in Sources */ = {isa = PBXBuildFile; fileRef = 4979A459248C13C10088ECC7 /* AppDelegate.swift */; };
		4979A45C248C13C10088ECC7 /* SceneDelegate.swift in Sources */ = {isa = PBXBuildFile; fileRef = 4979A45B248C13C10088ECC7 /* SceneDelegate.swift */; };
		4979A45E248C13C10088ECC7 /* ViewController.swift in Sources */ = {isa = PBXBuildFile; fileRef = 4979A45D248C13C10088ECC7 /* ViewController.swift */; };
		4979A461248C13C10088ECC7 /* Main.storyboard in Resources */ = {isa = PBXBuildFile; fileRef = 4979A45F248C13C10088ECC7 /* Main.storyboard */; };
		4979A463248C13C70088ECC7 /* Assets.xcassets in Resources */ = {isa = PBXBuildFile; fileRef = 4979A462248C13C70088ECC7 /* Assets.xcassets */; };
		4979A466248C13C70088ECC7 /* LaunchScreen.storyboard in Resources */ = {isa = PBXBuildFile; fileRef = 4979A464248C13C70088ECC7 /* LaunchScreen.storyboard */; };
		4979A471248C13C70088ECC7 /* youtube_appTests.swift in Sources */ = {isa = PBXBuildFile; fileRef = 4979A470248C13C70088ECC7 /* youtube_appTests.swift */; };
		4979A47C248C13C70088ECC7 /* youtube_appUITests.swift in Sources */ = {isa = PBXBuildFile; fileRef = 4979A47B248C13C70088ECC7 /* youtube_appUITests.swift */; };
		4979A48A248D43730088ECC7 /* Constants.swift in Sources */ = {isa = PBXBuildFile; fileRef = 4979A489248D43730088ECC7 /* Constants.swift */; };
		4979A48C248D49D70088ECC7 /* video.swift in Sources */ = {isa = PBXBuildFile; fileRef = 4979A48B248D49D70088ECC7 /* video.swift */; };
		4979A48E248D4A200088ECC7 /* Model.swift in Sources */ = {isa = PBXBuildFile; fileRef = 4979A48D248D4A200088ECC7 /* Model.swift */; };
		49E96048248FE90800137E2A /* Response.swift in Sources */ = {isa = PBXBuildFile; fileRef = 49E96047248FE90800137E2A /* Response.swift */; };
/* End PBXBuildFile section */

/* Begin PBXContainerItemProxy section */
		4979A46D248C13C70088ECC7 /* PBXContainerItemProxy */ = {
			isa = PBXContainerItemProxy;
			containerPortal = 4979A44E248C13C00088ECC7 /* Project object */;
			proxyType = 1;
			remoteGlobalIDString = 4979A455248C13C10088ECC7;
			remoteInfo = "youtube-app";
		};
		4979A478248C13C70088ECC7 /* PBXContainerItemProxy */ = {
			isa = PBXContainerItemProxy;
			containerPortal = 4979A44E248C13C00088ECC7 /* Project object */;
			proxyType = 1;
			remoteGlobalIDString = 4979A455248C13C10088ECC7;
			remoteInfo = "youtube-app";
		};
/* End PBXContainerItemProxy section */

/* Begin PBXFileReference section */
		491CB0C1249A81B5005F2521 /* ConstantsTemplate.swift */ = {isa = PBXFileReference; lastKnownFileType = sourcecode.swift; path = ConstantsTemplate.swift; sourceTree = "<group>"; };
		4979A456248C13C10088ECC7 /* youtube-app.app */ = {isa = PBXFileReference; explicitFileType = wrapper.application; includeInIndex = 0; path = "youtube-app.app"; sourceTree = BUILT_PRODUCTS_DIR; };
		4979A459248C13C10088ECC7 /* AppDelegate.swift */ = {isa = PBXFileReference; lastKnownFileType = sourcecode.swift; path = AppDelegate.swift; sourceTree = "<group>"; };
		4979A45B248C13C10088ECC7 /* SceneDelegate.swift */ = {isa = PBXFileReference; lastKnownFileType = sourcecode.swift; path = SceneDelegate.swift; sourceTree = "<group>"; };
		4979A45D248C13C10088ECC7 /* ViewController.swift */ = {isa = PBXFileReference; lastKnownFileType = sourcecode.swift; path = ViewController.swift; sourceTree = "<group>"; };
		4979A460248C13C10088ECC7 /* Base */ = {isa = PBXFileReference; lastKnownFileType = file.storyboard; name = Base; path = Base.lproj/Main.storyboard; sourceTree = "<group>"; };
		4979A462248C13C70088ECC7 /* Assets.xcassets */ = {isa = PBXFileReference; lastKnownFileType = folder.assetcatalog; path = Assets.xcassets; sourceTree = "<group>"; };
		4979A465248C13C70088ECC7 /* Base */ = {isa = PBXFileReference; lastKnownFileType = file.storyboard; name = Base; path = Base.lproj/LaunchScreen.storyboard; sourceTree = "<group>"; };
		4979A467248C13C70088ECC7 /* Info.plist */ = {isa = PBXFileReference; lastKnownFileType = text.plist.xml; path = Info.plist; sourceTree = "<group>"; };
		4979A46C248C13C70088ECC7 /* youtube-appTests.xctest */ = {isa = PBXFileReference; explicitFileType = wrapper.cfbundle; includeInIndex = 0; path = "youtube-appTests.xctest"; sourceTree = BUILT_PRODUCTS_DIR; };
		4979A470248C13C70088ECC7 /* youtube_appTests.swift */ = {isa = PBXFileReference; lastKnownFileType = sourcecode.swift; path = youtube_appTests.swift; sourceTree = "<group>"; };
		4979A472248C13C70088ECC7 /* Info.plist */ = {isa = PBXFileReference; lastKnownFileType = text.plist.xml; path = Info.plist; sourceTree = "<group>"; };
		4979A477248C13C70088ECC7 /* youtube-appUITests.xctest */ = {isa = PBXFileReference; explicitFileType = wrapper.cfbundle; includeInIndex = 0; path = "youtube-appUITests.xctest"; sourceTree = BUILT_PRODUCTS_DIR; };
		4979A47B248C13C70088ECC7 /* youtube_appUITests.swift */ = {isa = PBXFileReference; lastKnownFileType = sourcecode.swift; path = youtube_appUITests.swift; sourceTree = "<group>"; };
		4979A47D248C13C70088ECC7 /* Info.plist */ = {isa = PBXFileReference; lastKnownFileType = text.plist.xml; path = Info.plist; sourceTree = "<group>"; };
		4979A489248D43730088ECC7 /* Constants.swift */ = {isa = PBXFileReference; lastKnownFileType = sourcecode.swift; path = Constants.swift; sourceTree = "<group>"; };
		4979A48B248D49D70088ECC7 /* video.swift */ = {isa = PBXFileReference; lastKnownFileType = sourcecode.swift; path = video.swift; sourceTree = "<group>"; };
		4979A48D248D4A200088ECC7 /* Model.swift */ = {isa = PBXFileReference; lastKnownFileType = sourcecode.swift; path = Model.swift; sourceTree = "<group>"; };
		49E96047248FE90800137E2A /* Response.swift */ = {isa = PBXFileReference; lastKnownFileType = sourcecode.swift; path = Response.swift; sourceTree = "<group>"; };
/* End PBXFileReference section */

/* Begin PBXFrameworksBuildPhase section */
		4979A453248C13C10088ECC7 /* Frameworks */ = {
			isa = PBXFrameworksBuildPhase;
			buildActionMask = 2147483647;
			files = (
			);
			runOnlyForDeploymentPostprocessing = 0;
		};
		4979A469248C13C70088ECC7 /* Frameworks */ = {
			isa = PBXFrameworksBuildPhase;
			buildActionMask = 2147483647;
			files = (
			);
			runOnlyForDeploymentPostprocessing = 0;
		};
		4979A474248C13C70088ECC7 /* Frameworks */ = {
			isa = PBXFrameworksBuildPhase;
			buildActionMask = 2147483647;
			files = (
			);
			runOnlyForDeploymentPostprocessing = 0;
		};
/* End PBXFrameworksBuildPhase section */

/* Begin PBXGroup section */
		4979A44D248C13C00088ECC7 = {
			isa = PBXGroup;
			children = (
				4979A458248C13C10088ECC7 /* youtube-app */,
				4979A46F248C13C70088ECC7 /* youtube-appTests */,
				4979A47A248C13C70088ECC7 /* youtube-appUITests */,
				4979A457248C13C10088ECC7 /* Products */,
			);
			sourceTree = "<group>";
		};
		4979A457248C13C10088ECC7 /* Products */ = {
			isa = PBXGroup;
			children = (
				4979A456248C13C10088ECC7 /* youtube-app.app */,
				4979A46C248C13C70088ECC7 /* youtube-appTests.xctest */,
				4979A477248C13C70088ECC7 /* youtube-appUITests.xctest */,
			);
			name = Products;
			sourceTree = "<group>";
		};
		4979A458248C13C10088ECC7 /* youtube-app */ = {
			isa = PBXGroup;
			children = (
				4979A459248C13C10088ECC7 /* AppDelegate.swift */,
				4979A45B248C13C10088ECC7 /* SceneDelegate.swift */,
				4979A45D248C13C10088ECC7 /* ViewController.swift */,
				4979A45F248C13C10088ECC7 /* Main.storyboard */,
				4979A462248C13C70088ECC7 /* Assets.xcassets */,
				4979A464248C13C70088ECC7 /* LaunchScreen.storyboard */,
				4979A467248C13C70088ECC7 /* Info.plist */,
				4979A489248D43730088ECC7 /* Constants.swift */,
				491CB0C1249A81B5005F2521 /* ConstantsTemplate.swift */,
				4979A48B248D49D70088ECC7 /* video.swift */,
				4979A48D248D4A200088ECC7 /* Model.swift */,
				49E96047248FE90800137E2A /* Response.swift */,
			);
			path = "youtube-app";
			sourceTree = "<group>";
		};
		4979A46F248C13C70088ECC7 /* youtube-appTests */ = {
			isa = PBXGroup;
			children = (
				4979A470248C13C70088ECC7 /* youtube_appTests.swift */,
				4979A472248C13C70088ECC7 /* Info.plist */,
			);
			path = "youtube-appTests";
			sourceTree = "<group>";
		};
		4979A47A248C13C70088ECC7 /* youtube-appUITests */ = {
			isa = PBXGroup;
			children = (
				4979A47B248C13C70088ECC7 /* youtube_appUITests.swift */,
				4979A47D248C13C70088ECC7 /* Info.plist */,
			);
			path = "youtube-appUITests";
			sourceTree = "<group>";
		};
/* End PBXGroup section */

/* Begin PBXNativeTarget section */
		4979A455248C13C10088ECC7 /* youtube-app */ = {
			isa = PBXNativeTarget;
			buildConfigurationList = 4979A480248C13C70088ECC7 /* Build configuration list for PBXNativeTarget "youtube-app" */;
			buildPhases = (
				4979A452248C13C10088ECC7 /* Sources */,
				4979A453248C13C10088ECC7 /* Frameworks */,
				4979A454248C13C10088ECC7 /* Resources */,
			);
			buildRules = (
			);
			dependencies = (
			);
			name = "youtube-app";
			productName = "youtube-app";
			productReference = 4979A456248C13C10088ECC7 /* youtube-app.app */;
			productType = "com.apple.product-type.application";
		};
		4979A46B248C13C70088ECC7 /* youtube-appTests */ = {
			isa = PBXNativeTarget;
			buildConfigurationList = 4979A483248C13C70088ECC7 /* Build configuration list for PBXNativeTarget "youtube-appTests" */;
			buildPhases = (
				4979A468248C13C70088ECC7 /* Sources */,
				4979A469248C13C70088ECC7 /* Frameworks */,
				4979A46A248C13C70088ECC7 /* Resources */,
			);
			buildRules = (
			);
			dependencies = (
				4979A46E248C13C70088ECC7 /* PBXTargetDependency */,
			);
			name = "youtube-appTests";
			productName = "youtube-appTests";
			productReference = 4979A46C248C13C70088ECC7 /* youtube-appTests.xctest */;
			productType = "com.apple.product-type.bundle.unit-test";
		};
		4979A476248C13C70088ECC7 /* youtube-appUITests */ = {
			isa = PBXNativeTarget;
			buildConfigurationList = 4979A486248C13C70088ECC7 /* Build configuration list for PBXNativeTarget "youtube-appUITests" */;
			buildPhases = (
				4979A473248C13C70088ECC7 /* Sources */,
				4979A474248C13C70088ECC7 /* Frameworks */,
				4979A475248C13C70088ECC7 /* Resources */,
			);
			buildRules = (
			);
			dependencies = (
				4979A479248C13C70088ECC7 /* PBXTargetDependency */,
			);
			name = "youtube-appUITests";
			productName = "youtube-appUITests";
			productReference = 4979A477248C13C70088ECC7 /* youtube-appUITests.xctest */;
			productType = "com.apple.product-type.bundle.ui-testing";
		};
/* End PBXNativeTarget section */

/* Begin PBXProject section */
		4979A44E248C13C00088ECC7 /* Project object */ = {
			isa = PBXProject;
			attributes = {
				LastSwiftUpdateCheck = 1150;
				LastUpgradeCheck = 1150;
				ORGANIZATIONNAME = "赤堀雅司";
				TargetAttributes = {
					4979A455248C13C10088ECC7 = {
						CreatedOnToolsVersion = 11.5;
					};
					4979A46B248C13C70088ECC7 = {
						CreatedOnToolsVersion = 11.5;
						TestTargetID = 4979A455248C13C10088ECC7;
					};
					4979A476248C13C70088ECC7 = {
						CreatedOnToolsVersion = 11.5;
						TestTargetID = 4979A455248C13C10088ECC7;
					};
				};
			};
			buildConfigurationList = 4979A451248C13C00088ECC7 /* Build configuration list for PBXProject "youtube-app" */;
			compatibilityVersion = "Xcode 9.3";
			developmentRegion = en;
			hasScannedForEncodings = 0;
			knownRegions = (
				en,
				Base,
			);
			mainGroup = 4979A44D248C13C00088ECC7;
			productRefGroup = 4979A457248C13C10088ECC7 /* Products */;
			projectDirPath = "";
			projectRoot = "";
			targets = (
				4979A455248C13C10088ECC7 /* youtube-app */,
				4979A46B248C13C70088ECC7 /* youtube-appTests */,
				4979A476248C13C70088ECC7 /* youtube-appUITests */,
			);
		};
/* End PBXProject section */

/* Begin PBXResourcesBuildPhase section */
		4979A454248C13C10088ECC7 /* Resources */ = {
			isa = PBXResourcesBuildPhase;
			buildActionMask = 2147483647;
			files = (
				4979A466248C13C70088ECC7 /* LaunchScreen.storyboard in Resources */,
				4979A463248C13C70088ECC7 /* Assets.xcassets in Resources */,
				4979A461248C13C10088ECC7 /* Main.storyboard in Resources */,
			);
			runOnlyForDeploymentPostprocessing = 0;
		};
		4979A46A248C13C70088ECC7 /* Resources */ = {
			isa = PBXResourcesBuildPhase;
			buildActionMask = 2147483647;
			files = (
			);
			runOnlyForDeploymentPostprocessing = 0;
		};
		4979A475248C13C70088ECC7 /* Resources */ = {
			isa = PBXResourcesBuildPhase;
			buildActionMask = 2147483647;
			files = (
			);
			runOnlyForDeploymentPostprocessing = 0;
		};
/* End PBXResourcesBuildPhase section */

/* Begin PBXSourcesBuildPhase section */
		4979A452248C13C10088ECC7 /* Sources */ = {
			isa = PBXSourcesBuildPhase;
			buildActionMask = 2147483647;
			files = (
				4979A45E248C13C10088ECC7 /* ViewController.swift in Sources */,
				4979A45A248C13C10088ECC7 /* AppDelegate.swift in Sources */,
				4979A45C248C13C10088ECC7 /* SceneDelegate.swift in Sources */,
				491CB0C2249A81B5005F2521 /* ConstantsTemplate.swift in Sources */,
				4979A48E248D4A200088ECC7 /* Model.swift in Sources */,
				4979A48A248D43730088ECC7 /* Constants.swift in Sources */,
				4979A48C248D49D70088ECC7 /* video.swift in Sources */,
				49E96048248FE90800137E2A /* Response.swift in Sources */,
			);
			runOnlyForDeploymentPostprocessing = 0;
		};
		4979A468248C13C70088ECC7 /* Sources */ = {
			isa = PBXSourcesBuildPhase;
			buildActionMask = 2147483647;
			files = (
				4979A471248C13C70088ECC7 /* youtube_appTests.swift in Sources */,
			);
			runOnlyForDeploymentPostprocessing = 0;
		};
		4979A473248C13C70088ECC7 /* Sources */ = {
			isa = PBXSourcesBuildPhase;
			buildActionMask = 2147483647;
			files = (
				4979A47C248C13C70088ECC7 /* youtube_appUITests.swift in Sources */,
			);
			runOnlyForDeploymentPostprocessing = 0;
		};
/* End PBXSourcesBuildPhase section */

/* Begin PBXTargetDependency section */
		4979A46E248C13C70088ECC7 /* PBXTargetDependency */ = {
			isa = PBXTargetDependency;
			target = 4979A455248C13C10088ECC7 /* youtube-app */;
			targetProxy = 4979A46D248C13C70088ECC7 /* PBXContainerItemProxy */;
		};
		4979A479248C13C70088ECC7 /* PBXTargetDependency */ = {
			isa = PBXTargetDependency;
			target = 4979A455248C13C10088ECC7 /* youtube-app */;
			targetProxy = 4979A478248C13C70088ECC7 /* PBXContainerItemProxy */;
		};
/* End PBXTargetDependency section */

/* Begin PBXVariantGroup section */
		4979A45F248C13C10088ECC7 /* Main.storyboard */ = {
			isa = PBXVariantGroup;
			children = (
				4979A460248C13C10088ECC7 /* Base */,
			);
			name = Main.storyboard;
			sourceTree = "<group>";
		};
		4979A464248C13C70088ECC7 /* LaunchScreen.storyboard */ = {
			isa = PBXVariantGroup;
			children = (
				4979A465248C13C70088ECC7 /* Base */,
			);
			name = LaunchScreen.storyboard;
			sourceTree = "<group>";
		};
/* End PBXVariantGroup section */

/* Begin XCBuildConfiguration section */
		4979A47E248C13C70088ECC7 /* Debug */ = {
			isa = XCBuildConfiguration;
			buildSettings = {
				ALWAYS_SEARCH_USER_PATHS = NO;
				CLANG_ANALYZER_NONNULL = YES;
				CLANG_ANALYZER_NUMBER_OBJECT_CONVERSION = YES_AGGRESSIVE;
				CLANG_CXX_LANGUAGE_STANDARD = "gnu++14";
				CLANG_CXX_LIBRARY = "libc++";
				CLANG_ENABLE_MODULES = YES;
				CLANG_ENABLE_OBJC_ARC = YES;
				CLANG_ENABLE_OBJC_WEAK = YES;
				CLANG_WARN_BLOCK_CAPTURE_AUTORELEASING = YES;
				CLANG_WARN_BOOL_CONVERSION = YES;
				CLANG_WARN_COMMA = YES;
				CLANG_WARN_CONSTANT_CONVERSION = YES;
				CLANG_WARN_DEPRECATED_OBJC_IMPLEMENTATIONS = YES;
				CLANG_WARN_DIRECT_OBJC_ISA_USAGE = YES_ERROR;
				CLANG_WARN_DOCUMENTATION_COMMENTS = YES;
				CLANG_WARN_EMPTY_BODY = YES;
				CLANG_WARN_ENUM_CONVERSION = YES;
				CLANG_WARN_INFINITE_RECURSION = YES;
				CLANG_WARN_INT_CONVERSION = YES;
				CLANG_WARN_NON_LITERAL_NULL_CONVERSION = YES;
				CLANG_WARN_OBJC_IMPLICIT_RETAIN_SELF = YES;
				CLANG_WARN_OBJC_LITERAL_CONVERSION = YES;
				CLANG_WARN_OBJC_ROOT_CLASS = YES_ERROR;
				CLANG_WARN_RANGE_LOOP_ANALYSIS = YES;
				CLANG_WARN_STRICT_PROTOTYPES = YES;
				CLANG_WARN_SUSPICIOUS_MOVE = YES;
				CLANG_WARN_UNGUARDED_AVAILABILITY = YES_AGGRESSIVE;
				CLANG_WARN_UNREACHABLE_CODE = YES;
				CLANG_WARN__DUPLICATE_METHOD_MATCH = YES;
				COPY_PHASE_STRIP = NO;
				DEBUG_INFORMATION_FORMAT = dwarf;
				ENABLE_STRICT_OBJC_MSGSEND = YES;
				ENABLE_TESTABILITY = YES;
				GCC_C_LANGUAGE_STANDARD = gnu11;
				GCC_DYNAMIC_NO_PIC = NO;
				GCC_NO_COMMON_BLOCKS = YES;
				GCC_OPTIMIZATION_LEVEL = 0;
				GCC_PREPROCESSOR_DEFINITIONS = (
					"DEBUG=1",
					"$(inherited)",
				);
				GCC_WARN_64_TO_32_BIT_CONVERSION = YES;
				GCC_WARN_ABOUT_RETURN_TYPE = YES_ERROR;
				GCC_WARN_UNDECLARED_SELECTOR = YES;
				GCC_WARN_UNINITIALIZED_AUTOS = YES_AGGRESSIVE;
				GCC_WARN_UNUSED_FUNCTION = YES;
				GCC_WARN_UNUSED_VARIABLE = YES;
				IPHONEOS_DEPLOYMENT_TARGET = 13.5;
				MTL_ENABLE_DEBUG_INFO = INCLUDE_SOURCE;
				MTL_FAST_MATH = YES;
				ONLY_ACTIVE_ARCH = YES;
				SDKROOT = iphoneos;
				SWIFT_ACTIVE_COMPILATION_CONDITIONS = DEBUG;
				SWIFT_OPTIMIZATION_LEVEL = "-Onone";
			};
			name = Debug;
		};
		4979A47F248C13C70088ECC7 /* Release */ = {
			isa = XCBuildConfiguration;
			buildSettings = {
				ALWAYS_SEARCH_USER_PATHS = NO;
				CLANG_ANALYZER_NONNULL = YES;
				CLANG_ANALYZER_NUMBER_OBJECT_CONVERSION = YES_AGGRESSIVE;
				CLANG_CXX_LANGUAGE_STANDARD = "gnu++14";
				CLANG_CXX_LIBRARY = "libc++";
				CLANG_ENABLE_MODULES = YES;
				CLANG_ENABLE_OBJC_ARC = YES;
				CLANG_ENABLE_OBJC_WEAK = YES;
				CLANG_WARN_BLOCK_CAPTURE_AUTORELEASING = YES;
				CLANG_WARN_BOOL_CONVERSION = YES;
				CLANG_WARN_COMMA = YES;
				CLANG_WARN_CONSTANT_CONVERSION = YES;
				CLANG_WARN_DEPRECATED_OBJC_IMPLEMENTATIONS = YES;
				CLANG_WARN_DIRECT_OBJC_ISA_USAGE = YES_ERROR;
				CLANG_WARN_DOCUMENTATION_COMMENTS = YES;
				CLANG_WARN_EMPTY_BODY = YES;
				CLANG_WARN_ENUM_CONVERSION = YES;
				CLANG_WARN_INFINITE_RECURSION = YES;
				CLANG_WARN_INT_CONVERSION = YES;
				CLANG_WARN_NON_LITERAL_NULL_CONVERSION = YES;
				CLANG_WARN_OBJC_IMPLICIT_RETAIN_SELF = YES;
				CLANG_WARN_OBJC_LITERAL_CONVERSION = YES;
				CLANG_WARN_OBJC_ROOT_CLASS = YES_ERROR;
				CLANG_WARN_RANGE_LOOP_ANALYSIS = YES;
				CLANG_WARN_STRICT_PROTOTYPES = YES;
				CLANG_WARN_SUSPICIOUS_MOVE = YES;
				CLANG_WARN_UNGUARDED_AVAILABILITY = YES_AGGRESSIVE;
				CLANG_WARN_UNREACHABLE_CODE = YES;
				CLANG_WARN__DUPLICATE_METHOD_MATCH = YES;
				COPY_PHASE_STRIP = NO;
				DEBUG_INFORMATION_FORMAT = "dwarf-with-dsym";
				ENABLE_NS_ASSERTIONS = NO;
				ENABLE_STRICT_OBJC_MSGSEND = YES;
				GCC_C_LANGUAGE_STANDARD = gnu11;
				GCC_NO_COMMON_BLOCKS = YES;
				GCC_WARN_64_TO_32_BIT_CONVERSION = YES;
				GCC_WARN_ABOUT_RETURN_TYPE = YES_ERROR;
				GCC_WARN_UNDECLARED_SELECTOR = YES;
				GCC_WARN_UNINITIALIZED_AUTOS = YES_AGGRESSIVE;
				GCC_WARN_UNUSED_FUNCTION = YES;
				GCC_WARN_UNUSED_VARIABLE = YES;
				IPHONEOS_DEPLOYMENT_TARGET = 13.5;
				MTL_ENABLE_DEBUG_INFO = NO;
				MTL_FAST_MATH = YES;
				SDKROOT = iphoneos;
				SWIFT_COMPILATION_MODE = wholemodule;
				SWIFT_OPTIMIZATION_LEVEL = "-O";
				VALIDATE_PRODUCT = YES;
			};
			name = Release;
		};
		4979A481248C13C70088ECC7 /* Debug */ = {
			isa = XCBuildConfiguration;
			buildSettings = {
				ASSETCATALOG_COMPILER_APPICON_NAME = AppIcon;
				CODE_SIGN_STYLE = Automatic;
				DEVELOPMENT_TEAM = 39Z2L2LX93;
				INFOPLIST_FILE = "youtube-app/Info.plist";
				LD_RUNPATH_SEARCH_PATHS = (
					"$(inherited)",
					"@executable_path/Frameworks",
				);
				PRODUCT_BUNDLE_IDENTIFIER = "com.AkahoriMasashi.youtube-app";
				PRODUCT_NAME = "$(TARGET_NAME)";
				SWIFT_VERSION = 5.0;
				TARGETED_DEVICE_FAMILY = "1,2";
			};
			name = Debug;
		};
		4979A482248C13C70088ECC7 /* Release */ = {
			isa = XCBuildConfiguration;
			buildSettings = {
				ASSETCATALOG_COMPILER_APPICON_NAME = AppIcon;
				CODE_SIGN_STYLE = Automatic;
				DEVELOPMENT_TEAM = 39Z2L2LX93;
				INFOPLIST_FILE = "youtube-app/Info.plist";
				LD_RUNPATH_SEARCH_PATHS = (
					"$(inherited)",
					"@executable_path/Frameworks",
				);
				PRODUCT_BUNDLE_IDENTIFIER = "com.AkahoriMasashi.youtube-app";
				PRODUCT_NAME = "$(TARGET_NAME)";
				SWIFT_VERSION = 5.0;
				TARGETED_DEVICE_FAMILY = "1,2";
			};
			name = Release;
		};
		4979A484248C13C70088ECC7 /* Debug */ = {
			isa = XCBuildConfiguration;
			buildSettings = {
				ALWAYS_EMBED_SWIFT_STANDARD_LIBRARIES = YES;
				BUNDLE_LOADER = "$(TEST_HOST)";
				CODE_SIGN_STYLE = Automatic;
				DEVELOPMENT_TEAM = 39Z2L2LX93;
				INFOPLIST_FILE = "youtube-appTests/Info.plist";
				IPHONEOS_DEPLOYMENT_TARGET = 13.5;
				LD_RUNPATH_SEARCH_PATHS = (
					"$(inherited)",
					"@executable_path/Frameworks",
					"@loader_path/Frameworks",
				);
				PRODUCT_BUNDLE_IDENTIFIER = "com.AkahoriMasashi.youtube-appTests";
				PRODUCT_NAME = "$(TARGET_NAME)";
				SWIFT_VERSION = 5.0;
				TARGETED_DEVICE_FAMILY = "1,2";
				TEST_HOST = "$(BUILT_PRODUCTS_DIR)/youtube-app.app/youtube-app";
			};
			name = Debug;
		};
		4979A485248C13C70088ECC7 /* Release */ = {
			isa = XCBuildConfiguration;
			buildSettings = {
				ALWAYS_EMBED_SWIFT_STANDARD_LIBRARIES = YES;
				BUNDLE_LOADER = "$(TEST_HOST)";
				CODE_SIGN_STYLE = Automatic;
				DEVELOPMENT_TEAM = 39Z2L2LX93;
				INFOPLIST_FILE = "youtube-appTests/Info.plist";
				IPHONEOS_DEPLOYMENT_TARGET = 13.5;
				LD_RUNPATH_SEARCH_PATHS = (
					"$(inherited)",
					"@executable_path/Frameworks",
					"@loader_path/Frameworks",
				);
				PRODUCT_BUNDLE_IDENTIFIER = "com.AkahoriMasashi.youtube-appTests";
				PRODUCT_NAME = "$(TARGET_NAME)";
				SWIFT_VERSION = 5.0;
				TARGETED_DEVICE_FAMILY = "1,2";
				TEST_HOST = "$(BUILT_PRODUCTS_DIR)/youtube-app.app/youtube-app";
			};
			name = Release;
		};
		4979A487248C13C70088ECC7 /* Debug */ = {
			isa = XCBuildConfiguration;
			buildSettings = {
				ALWAYS_EMBED_SWIFT_STANDARD_LIBRARIES = YES;
				CODE_SIGN_STYLE = Automatic;
				DEVELOPMENT_TEAM = 39Z2L2LX93;
				INFOPLIST_FILE = "youtube-appUITests/Info.plist";
				LD_RUNPATH_SEARCH_PATHS = (
					"$(inherited)",
					"@executable_path/Frameworks",
					"@loader_path/Frameworks",
				);
				PRODUCT_BUNDLE_IDENTIFIER = "com.AkahoriMasashi.youtube-appUITests";
				PRODUCT_NAME = "$(TARGET_NAME)";
				SWIFT_VERSION = 5.0;
				TARGETED_DEVICE_FAMILY = "1,2";
				TEST_TARGET_NAME = "youtube-app";
			};
			name = Debug;
		};
		4979A488248C13C70088ECC7 /* Release */ = {
			isa = XCBuildConfiguration;
			buildSettings = {
				ALWAYS_EMBED_SWIFT_STANDARD_LIBRARIES = YES;
				CODE_SIGN_STYLE = Automatic;
				DEVELOPMENT_TEAM = 39Z2L2LX93;
				INFOPLIST_FILE = "youtube-appUITests/Info.plist";
				LD_RUNPATH_SEARCH_PATHS = (
					"$(inherited)",
					"@executable_path/Frameworks",
					"@loader_path/Frameworks",
				);
				PRODUCT_BUNDLE_IDENTIFIER = "com.AkahoriMasashi.youtube-appUITests";
				PRODUCT_NAME = "$(TARGET_NAME)";
				SWIFT_VERSION = 5.0;
				TARGETED_DEVICE_FAMILY = "1,2";
				TEST_TARGET_NAME = "youtube-app";
			};
			name = Release;
		};
/* End XCBuildConfiguration section */

/* Begin XCConfigurationList section */
		4979A451248C13C00088ECC7 /* Build configuration list for PBXProject "youtube-app" */ = {
			isa = XCConfigurationList;
			buildConfigurations = (
				4979A47E248C13C70088ECC7 /* Debug */,
				4979A47F248C13C70088ECC7 /* Release */,
			);
			defaultConfigurationIsVisible = 0;
			defaultConfigurationName = Release;
		};
		4979A480248C13C70088ECC7 /* Build configuration list for PBXNativeTarget "youtube-app" */ = {
			isa = XCConfigurationList;
			buildConfigurations = (
				4979A481248C13C70088ECC7 /* Debug */,
				4979A482248C13C70088ECC7 /* Release */,
			);
			defaultConfigurationIsVisible = 0;
			defaultConfigurationName = Release;
		};
		4979A483248C13C70088ECC7 /* Build configuration list for PBXNativeTarget "youtube-appTests" */ = {
			isa = XCConfigurationList;
			buildConfigurations = (
				4979A484248C13C70088ECC7 /* Debug */,
				4979A485248C13C70088ECC7 /* Release */,
			);
			defaultConfigurationIsVisible = 0;
			defaultConfigurationName = Release;
		};
		4979A486248C13C70088ECC7 /* Build configuration list for PBXNativeTarget "youtube-appUITests" */ = {
			isa = XCConfigurationList;
			buildConfigurations = (
				4979A487248C13C70088ECC7 /* Debug */,
				4979A488248C13C70088ECC7 /* Release */,
			);
			defaultConfigurationIsVisible = 0;
			defaultConfigurationName = Release;
		};
/* End XCConfigurationList section */
	};
	rootObject = 4979A44E248C13C00088ECC7 /* Project object */;
}
